
Microsoft Visual Studio Solution File, Format Version 11.00
# Visual Studio 2010
Project("{FAE04EC0-301F-11D3-BF4B-00C04F79EFBC}") = "MissingXMLFinder", "MissingXMLFinder\MissingXMLFinder.csproj", "{0EC082E4-A3D3-4A04-98CF-62D5972F2132}"
EndProject
Global
	GlobalSection(SolutionConfigurationPlatforms) = preSolution
		Debug|x86 = Debug|x86
		Release|x86 = Release|x86
	EndGlobalSection
	GlobalSection(ProjectConfigurationPlatforms) = postSolution
		{0EC082E4-A3D3-4A04-98CF-62D5972F2132}.Debug|x86.ActiveCfg = Debug|x86
		{0EC082E4-A3D3-4A04-98CF-62D5972F2132}.Debug|x86.Build.0 = Debug|x86
		{0EC082E4-A3D3-4A04-98CF-62D5972F2132}.Release|x86.ActiveCfg = Release|x86
		{0EC082E4-A3D3-4A04-98CF-62D5972F2132}.Release|x86.Build.0 = Release|x86
	EndGlobalSection
	GlobalSection(SolutionProperties) = preSolution
		HideSolutionNode = FALSE
	EndGlobalSection
EndGlobal
